
Microsoft Visual Studio Solution File, Format Version 10.00
# Visual Studio 2008
Project("{F14B399A-7131-4C87-9E4B-1186C45EF12D}") = "MAR", "MAR.rptproj", "{CD999D55-F645-4395-B658-D74025368E69}"
EndProject
Global
	GlobalSection(SolutionConfigurationPlatforms) = preSolution
		Debug|Default = Debug|Default
		DebugLocal|Default = DebugLocal|Default
		Release|Default = Release|Default
	EndGlobalSection
	GlobalSection(ProjectConfigurationPlatforms) = postSolution
		{CD999D55-F645-4395-B658-D74025368E69}.Debug|Default.ActiveCfg = Debug
		{CD999D55-F645-4395-B658-D74025368E69}.Debug|Default.Build.0 = DebugLocal
		{CD999D55-F645-4395-B658-D74025368E69}.Debug|Default.Deploy.0 = DebugLocal
		{CD999D55-F645-4395-B658-D74025368E69}.DebugLocal|Default.ActiveCfg = DebugLocal
		{CD999D55-F645-4395-B658-D74025368E69}.DebugLocal|Default.Build.0 = DebugLocal
		{CD999D55-F645-4395-B658-D74025368E69}.DebugLocal|Default.Deploy.0 = DebugLocal
		{CD999D55-F645-4395-B658-D74025368E69}.Release|Default.ActiveCfg = Release
		{CD999D55-F645-4395-B658-D74025368E69}.Release|Default.Build.0 = Release
		{CD999D55-F645-4395-B658-D74025368E69}.Release|Default.Deploy.0 = Release
	EndGlobalSection
	GlobalSection(SolutionProperties) = preSolution
		HideSolutionNode = FALSE
	EndGlobalSection
EndGlobal
